
Microsoft Visual Studio Solution File, Format Version 12.00
Project("{FAE04EC0-301F-11D3-BF4B-00C04F79EFBC}") = "TwoSum", "TwoSum\TwoSum.csproj", "{6639B687-2DD4-4E9D-94E0-E5EBC7175BF9}"
EndProject
Project("{FAE04EC0-301F-11D3-BF4B-00C04F79EFBC}") = "PalindromeNumber", "PalindromeNumber\PalindromeNumber.csproj", "{04DEA571-C5AA-49DD-B699-6FF1B36D9B74}"
EndProject
Project("{FAE04EC0-301F-11D3-BF4B-00C04F79EFBC}") = "RomanToInteger", "RomanToInteger\RomanToInteger.csproj", "{031C4BDD-1350-4978-A57E-0FF7D140A782}"
EndProject
Project("{FAE04EC0-301F-11D3-BF4B-00C04F79EFBC}") = "LongestCommonPrefix", "LongestCommonPrefix\LongestCommonPrefix.csproj", "{F3CDF2A1-D34B-4711-852C-1746DF9EA6E4}"
EndProject
Project("{FAE04EC0-301F-11D3-BF4B-00C04F79EFBC}") = "ValidParentheses", "ValidParentheses\ValidParentheses.csproj", "{6FF6D0A1-EEDB-47AC-8B04-DF710E170413}"
EndProject
Project("{FAE04EC0-301F-11D3-BF4B-00C04F79EFBC}") = "RemoveDuplicates", "RemoveDuplicates\RemoveDuplicates.csproj", "{19B9AA3A-87DE-425D-915A-20225CA8C5DA}"
EndProject
Project("{FAE04EC0-301F-11D3-BF4B-00C04F79EFBC}") = "RemoveElement", "RemoveElement\RemoveElement.csproj", "{6D683EB7-CE47-4B0D-BD22-99F32B4F2029}"
EndProject
Project("{FAE04EC0-301F-11D3-BF4B-00C04F79EFBC}") = "FirstOccurrenceString", "FirstOccurrenceString\FirstOccurrenceString.csproj", "{830D2AB2-C348-4AB2-9EE6-82BED97017CD}"
EndProject
Project("{FAE04EC0-301F-11D3-BF4B-00C04F79EFBC}") = "MergeTwoSortedLists", "MergeTwoSortedLists\MergeTwoSortedLists.csproj", "{AF5D2AEB-9AEF-4A22-8B45-94E197A9E686}"
EndProject
Project("{FAE04EC0-301F-11D3-BF4B-00C04F79EFBC}") = "SearchInsertPosition", "SearchInsertPosition\SearchInsertPosition.csproj", "{20DD31F4-D0E6-408B-AE40-0B6D34562123}"
EndProject
Project("{FAE04EC0-301F-11D3-BF4B-00C04F79EFBC}") = "LengthofLastWord", "LengthofLastWord\LengthofLastWord.csproj", "{07C6AC1B-4A65-495B-AA8D-DA82A669D983}"
EndProject
Project("{FAE04EC0-301F-11D3-BF4B-00C04F79EFBC}") = "PlusOne", "PlusOne\PlusOne.csproj", "{C59E7A5D-DC29-4FF2-B49F-8387384A4031}"
EndProject
Project("{FAE04EC0-301F-11D3-BF4B-00C04F79EFBC}") = "AddBinary", "AddBinary\AddBinary.csproj", "{7D111249-95E8-4658-B883-13CAB0FAC7AD}"
EndProject
Project("{FAE04EC0-301F-11D3-BF4B-00C04F79EFBC}") = "Sqrt", "Sqrt\Sqrt.csproj", "{0075B189-A4C6-4185-BA4A-BC50049F6B84}"
EndProject
Project("{FAE04EC0-301F-11D3-BF4B-00C04F79EFBC}") = "ClimbingStairs", "ClimbingStairs\ClimbingStairs.csproj", "{315929B6-7C01-4EFA-AF35-872C87B1C526}"
EndProject
Project("{2150E333-8FDC-42A3-9474-1A3956D46DE8}") = "Medium", "Medium", "{32816F4D-0E9A-407E-B4EA-56DD6F28BFA3}"
EndProject
Project("{FAE04EC0-301F-11D3-BF4B-00C04F79EFBC}") = "ValidateBinarySearchTree", "ValidateBinarySearchTree\ValidateBinarySearchTree.csproj", "{1F2DA912-61BD-426E-9F74-A2629E56189F}"
EndProject
Project("{2150E333-8FDC-42A3-9474-1A3956D46DE8}") = "Easy", "Easy", "{36F7B351-D551-458E-9D79-B68FC58DEEAD}"
EndProject
Project("{FAE04EC0-301F-11D3-BF4B-00C04F79EFBC}") = "RemoveDuplicatesFromSortedList", "RemoveDuplicatesFromSortedList\RemoveDuplicatesFromSortedList.csproj", "{EAB2477A-7D1F-4EB4-834A-1EEF9BDD62D9}"
EndProject
Project("{FAE04EC0-301F-11D3-BF4B-00C04F79EFBC}") = "MergeSortedArray", "MergeSortedArray\MergeSortedArray.csproj", "{A5DC7A34-014E-42BF-881F-25EECDD753FC}"
EndProject
Project("{FAE04EC0-301F-11D3-BF4B-00C04F79EFBC}") = "BestTimetoBuyandSellStock", "BestTimetoBuyandSellStock\BestTimetoBuyandSellStock.csproj", "{026CF176-4DA4-4674-B5C4-48708C7628A6}"
EndProject
Global
	GlobalSection(SolutionConfigurationPlatforms) = preSolution
		Debug|Any CPU = Debug|Any CPU
		Release|Any CPU = Release|Any CPU
	EndGlobalSection
	GlobalSection(ProjectConfigurationPlatforms) = postSolution
		{6639B687-2DD4-4E9D-94E0-E5EBC7175BF9}.Debug|Any CPU.ActiveCfg = Debug|Any CPU
		{6639B687-2DD4-4E9D-94E0-E5EBC7175BF9}.Debug|Any CPU.Build.0 = Debug|Any CPU
		{6639B687-2DD4-4E9D-94E0-E5EBC7175BF9}.Release|Any CPU.ActiveCfg = Release|Any CPU
		{6639B687-2DD4-4E9D-94E0-E5EBC7175BF9}.Release|Any CPU.Build.0 = Release|Any CPU
		{04DEA571-C5AA-49DD-B699-6FF1B36D9B74}.Debug|Any CPU.ActiveCfg = Debug|Any CPU
		{04DEA571-C5AA-49DD-B699-6FF1B36D9B74}.Debug|Any CPU.Build.0 = Debug|Any CPU
		{04DEA571-C5AA-49DD-B699-6FF1B36D9B74}.Release|Any CPU.ActiveCfg = Release|Any CPU
		{04DEA571-C5AA-49DD-B699-6FF1B36D9B74}.Release|Any CPU.Build.0 = Release|Any CPU
		{031C4BDD-1350-4978-A57E-0FF7D140A782}.Debug|Any CPU.ActiveCfg = Debug|Any CPU
		{031C4BDD-1350-4978-A57E-0FF7D140A782}.Debug|Any CPU.Build.0 = Debug|Any CPU
		{031C4BDD-1350-4978-A57E-0FF7D140A782}.Release|Any CPU.ActiveCfg = Release|Any CPU
		{031C4BDD-1350-4978-A57E-0FF7D140A782}.Release|Any CPU.Build.0 = Release|Any CPU
		{F3CDF2A1-D34B-4711-852C-1746DF9EA6E4}.Debug|Any CPU.ActiveCfg = Debug|Any CPU
		{F3CDF2A1-D34B-4711-852C-1746DF9EA6E4}.Debug|Any CPU.Build.0 = Debug|Any CPU
		{F3CDF2A1-D34B-4711-852C-1746DF9EA6E4}.Release|Any CPU.ActiveCfg = Release|Any CPU
		{F3CDF2A1-D34B-4711-852C-1746DF9EA6E4}.Release|Any CPU.Build.0 = Release|Any CPU
		{6FF6D0A1-EEDB-47AC-8B04-DF710E170413}.Debug|Any CPU.ActiveCfg = Debug|Any CPU
		{6FF6D0A1-EEDB-47AC-8B04-DF710E170413}.Debug|Any CPU.Build.0 = Debug|Any CPU
		{6FF6D0A1-EEDB-47AC-8B04-DF710E170413}.Release|Any CPU.ActiveCfg = Release|Any CPU
		{6FF6D0A1-EEDB-47AC-8B04-DF710E170413}.Release|Any CPU.Build.0 = Release|Any CPU
		{19B9AA3A-87DE-425D-915A-20225CA8C5DA}.Debug|Any CPU.ActiveCfg = Debug|Any CPU
		{19B9AA3A-87DE-425D-915A-20225CA8C5DA}.Debug|Any CPU.Build.0 = Debug|Any CPU
		{19B9AA3A-87DE-425D-915A-20225CA8C5DA}.Release|Any CPU.ActiveCfg = Release|Any CPU
		{19B9AA3A-87DE-425D-915A-20225CA8C5DA}.Release|Any CPU.Build.0 = Release|Any CPU
		{6D683EB7-CE47-4B0D-BD22-99F32B4F2029}.Debug|Any CPU.ActiveCfg = Debug|Any CPU
		{6D683EB7-CE47-4B0D-BD22-99F32B4F2029}.Debug|Any CPU.Build.0 = Debug|Any CPU
		{6D683EB7-CE47-4B0D-BD22-99F32B4F2029}.Release|Any CPU.ActiveCfg = Release|Any CPU
		{6D683EB7-CE47-4B0D-BD22-99F32B4F2029}.Release|Any CPU.Build.0 = Release|Any CPU
		{830D2AB2-C348-4AB2-9EE6-82BED97017CD}.Debug|Any CPU.ActiveCfg = Debug|Any CPU
		{830D2AB2-C348-4AB2-9EE6-82BED97017CD}.Debug|Any CPU.Build.0 = Debug|Any CPU
		{830D2AB2-C348-4AB2-9EE6-82BED97017CD}.Release|Any CPU.ActiveCfg = Release|Any CPU
		{830D2AB2-C348-4AB2-9EE6-82BED97017CD}.Release|Any CPU.Build.0 = Release|Any CPU
		{AF5D2AEB-9AEF-4A22-8B45-94E197A9E686}.Debug|Any CPU.ActiveCfg = Debug|Any CPU
		{AF5D2AEB-9AEF-4A22-8B45-94E197A9E686}.Debug|Any CPU.Build.0 = Debug|Any CPU
		{AF5D2AEB-9AEF-4A22-8B45-94E197A9E686}.Release|Any CPU.ActiveCfg = Release|Any CPU
		{AF5D2AEB-9AEF-4A22-8B45-94E197A9E686}.Release|Any CPU.Build.0 = Release|Any CPU
		{20DD31F4-D0E6-408B-AE40-0B6D34562123}.Debug|Any CPU.ActiveCfg = Debug|Any CPU
		{20DD31F4-D0E6-408B-AE40-0B6D34562123}.Debug|Any CPU.Build.0 = Debug|Any CPU
		{20DD31F4-D0E6-408B-AE40-0B6D34562123}.Release|Any CPU.ActiveCfg = Release|Any CPU
		{20DD31F4-D0E6-408B-AE40-0B6D34562123}.Release|Any CPU.Build.0 = Release|Any CPU
		{07C6AC1B-4A65-495B-AA8D-DA82A669D983}.Debug|Any CPU.ActiveCfg = Debug|Any CPU
		{07C6AC1B-4A65-495B-AA8D-DA82A669D983}.Debug|Any CPU.Build.0 = Debug|Any CPU
		{07C6AC1B-4A65-495B-AA8D-DA82A669D983}.Release|Any CPU.ActiveCfg = Release|Any CPU
		{07C6AC1B-4A65-495B-AA8D-DA82A669D983}.Release|Any CPU.Build.0 = Release|Any CPU
		{C59E7A5D-DC29-4FF2-B49F-8387384A4031}.Debug|Any CPU.ActiveCfg = Debug|Any CPU
		{C59E7A5D-DC29-4FF2-B49F-8387384A4031}.Debug|Any CPU.Build.0 = Debug|Any CPU
		{C59E7A5D-DC29-4FF2-B49F-8387384A4031}.Release|Any CPU.ActiveCfg = Release|Any CPU
		{C59E7A5D-DC29-4FF2-B49F-8387384A4031}.Release|Any CPU.Build.0 = Release|Any CPU
		{7D111249-95E8-4658-B883-13CAB0FAC7AD}.Debug|Any CPU.ActiveCfg = Debug|Any CPU
		{7D111249-95E8-4658-B883-13CAB0FAC7AD}.Debug|Any CPU.Build.0 = Debug|Any CPU
		{7D111249-95E8-4658-B883-13CAB0FAC7AD}.Release|Any CPU.ActiveCfg = Release|Any CPU
		{7D111249-95E8-4658-B883-13CAB0FAC7AD}.Release|Any CPU.Build.0 = Release|Any CPU
		{0075B189-A4C6-4185-BA4A-BC50049F6B84}.Debug|Any CPU.ActiveCfg = Debug|Any CPU
		{0075B189-A4C6-4185-BA4A-BC50049F6B84}.Debug|Any CPU.Build.0 = Debug|Any CPU
		{0075B189-A4C6-4185-BA4A-BC50049F6B84}.Release|Any CPU.ActiveCfg = Release|Any CPU
		{0075B189-A4C6-4185-BA4A-BC50049F6B84}.Release|Any CPU.Build.0 = Release|Any CPU
		{315929B6-7C01-4EFA-AF35-872C87B1C526}.Debug|Any CPU.ActiveCfg = Debug|Any CPU
		{315929B6-7C01-4EFA-AF35-872C87B1C526}.Debug|Any CPU.Build.0 = Debug|Any CPU
		{315929B6-7C01-4EFA-AF35-872C87B1C526}.Release|Any CPU.ActiveCfg = Release|Any CPU
		{315929B6-7C01-4EFA-AF35-872C87B1C526}.Release|Any CPU.Build.0 = Release|Any CPU
		{1F2DA912-61BD-426E-9F74-A2629E56189F}.Debug|Any CPU.ActiveCfg = Debug|Any CPU
		{1F2DA912-61BD-426E-9F74-A2629E56189F}.Debug|Any CPU.Build.0 = Debug|Any CPU
		{1F2DA912-61BD-426E-9F74-A2629E56189F}.Release|Any CPU.ActiveCfg = Release|Any CPU
		{1F2DA912-61BD-426E-9F74-A2629E56189F}.Release|Any CPU.Build.0 = Release|Any CPU
		{EAB2477A-7D1F-4EB4-834A-1EEF9BDD62D9}.Debug|Any CPU.ActiveCfg = Debug|Any CPU
		{EAB2477A-7D1F-4EB4-834A-1EEF9BDD62D9}.Debug|Any CPU.Build.0 = Debug|Any CPU
		{EAB2477A-7D1F-4EB4-834A-1EEF9BDD62D9}.Release|Any CPU.ActiveCfg = Release|Any CPU
		{EAB2477A-7D1F-4EB4-834A-1EEF9BDD62D9}.Release|Any CPU.Build.0 = Release|Any CPU
		{A5DC7A34-014E-42BF-881F-25EECDD753FC}.Debug|Any CPU.ActiveCfg = Debug|Any CPU
		{A5DC7A34-014E-42BF-881F-25EECDD753FC}.Debug|Any CPU.Build.0 = Debug|Any CPU
		{A5DC7A34-014E-42BF-881F-25EECDD753FC}.Release|Any CPU.ActiveCfg = Release|Any CPU
		{A5DC7A34-014E-42BF-881F-25EECDD753FC}.Release|Any CPU.Build.0 = Release|Any CPU
		{026CF176-4DA4-4674-B5C4-48708C7628A6}.Debug|Any CPU.ActiveCfg = Debug|Any CPU
		{026CF176-4DA4-4674-B5C4-48708C7628A6}.Debug|Any CPU.Build.0 = Debug|Any CPU
		{026CF176-4DA4-4674-B5C4-48708C7628A6}.Release|Any CPU.ActiveCfg = Release|Any CPU
		{026CF176-4DA4-4674-B5C4-48708C7628A6}.Release|Any CPU.Build.0 = Release|Any CPU
	EndGlobalSection
	GlobalSection(NestedProjects) = preSolution
		{1F2DA912-61BD-426E-9F74-A2629E56189F} = {32816F4D-0E9A-407E-B4EA-56DD6F28BFA3}
		{EAB2477A-7D1F-4EB4-834A-1EEF9BDD62D9} = {36F7B351-D551-458E-9D79-B68FC58DEEAD}
		{A5DC7A34-014E-42BF-881F-25EECDD753FC} = {36F7B351-D551-458E-9D79-B68FC58DEEAD}
		{026CF176-4DA4-4674-B5C4-48708C7628A6} = {36F7B351-D551-458E-9D79-B68FC58DEEAD}
	EndGlobalSection
EndGlobal
